# THIS IS AN AUTOGENERATED FILE. DO NOT EDIT THIS FILE DIRECTLY.
# yarn lockfile v1


"@babel/runtime@^7.1.2":
  version "7.12.1"
  resolved "https://registry.yarnpkg.com/@babel/runtime/-/runtime-7.12.1.tgz#b4116a6b6711d010b2dad3b7b6e43bf1b9954740"
  integrity sha512-J5AIf3vPj3UwXaAzb5j1xM4WAQDX3EMgemF8rjCP3SoW09LfRKAXQKt6CoVYl230P6iWdRcBbnLDDdnqWxZSCA==
  dependencies:
    regenerator-runtime "^0.13.4"

"@blueprintjs/colors@^4.0.0-alpha.2":
  version "4.0.0-alpha.2"
  resolved "https://registry.yarnpkg.com/@blueprintjs/colors/-/colors-4.0.0-alpha.2.tgz#ce8e7450ae542fcddb72b372b49669adf13c0173"
  integrity sha512-B8NX2oKVTPGVJd7ZCbm9FMPoEdQiLKceo0/UxsJ+gwqNiuo45RzdmrXACI6oFO4hGHL2WiLU0oysLNj2zpHDkA==

"@blueprintjs/core@^3.36.0", "@blueprintjs/core@^3.53.0":
  version "3.53.0"
  resolved "https://registry.yarnpkg.com/@blueprintjs/core/-/core-3.53.0.tgz#ad9ac906107baf07a3a84f2c705e70032a053fb5"
  integrity sha512-cvoJJtnPrBgaVvWhfHoFi/zH+Bk4VPDqbG4DdBl+BPK5MyvvkcBP/oX/iVG1qgwdvQ9FqUsHpuCLLgF6j8bItA==
  dependencies:
    "@blueprintjs/colors" "^4.0.0-alpha.2"
    "@blueprintjs/icons" "^3.32.0"
    "@types/dom4" "^2.0.1"
    classnames "^2.2"
    dom4 "^2.1.5"
    normalize.css "^8.0.1"
    popper.js "^1.16.1"
    react-lifecycles-compat "^3.0.4"
    react-popper "^1.3.7"
    react-transition-group "^2.9.0"
    resize-observer-polyfill "^1.5.1"
    tslib "~1.13.0"

"@blueprintjs/icons@^3.32.0":
  version "3.32.0"
  resolved "https://registry.yarnpkg.com/@blueprintjs/icons/-/icons-3.32.0.tgz#afc04116c55e4180ca552dafeeb4a5f013736568"
  integrity sha512-xjw9Xz39VibgVI3fPfcjgtyk1EcICajkVTGA88fKFUsys/g1NvN3zJ/sUd6cROOL0YDaoNeuvMp7KFgs2AkXDw==
  dependencies:
    classnames "^2.2"
    tslib "~1.13.0"

"@blueprintjs/select@^3.15.0":
  version "3.18.12"
  resolved "https://registry.yarnpkg.com/@blueprintjs/select/-/select-3.18.12.tgz#efa377c5f31544fec9e577f29ae5b199c8ed93a7"
  integrity sha512-tqRDKXZxmkUO8TtNFrcMeSNe26LbnGEk/X/OgT6c+Oh3RYQe87YSi92GNtfNn1gpoQkUpnuk1gA68iuX3fYGug==
  dependencies:
    "@blueprintjs/core" "^3.53.0"
    classnames "^2.2"
    tslib "~1.13.0"

"@jupyterlab/apputils@^3.2.9":
  version "3.2.9"
  resolved "https://registry.yarnpkg.com/@jupyterlab/apputils/-/apputils-3.2.9.tgz#0f4d2435423083feeda6d9c639db9c800b7124a2"
  integrity sha512-lKHdjCFhGp6SnOJy8jKjbIdTYOMekVjEeVNs8BQ9jrAtKFFAwkeu5fBWDfJdPsRQhmA/X5wequBgxHg6kc8oZw==
  dependencies:
    "@jupyterlab/coreutils" "^5.2.9"
    "@jupyterlab/services" "^6.2.9"
    "@jupyterlab/settingregistry" "^3.2.9"
    "@jupyterlab/statedb" "^3.2.9"
    "@jupyterlab/translation" "^3.2.9"
    "@jupyterlab/ui-components" "^3.2.9"
    "@lumino/algorithm" "^1.3.3"
    "@lumino/commands" "^1.12.0"
    "@lumino/coreutils" "^1.5.3"
    "@lumino/disposable" "^1.4.3"
    "@lumino/domutils" "^1.2.3"
    "@lumino/messaging" "^1.4.3"
    "@lumino/polling" "^1.3.3"
    "@lumino/properties" "^1.2.3"
    "@lumino/signaling" "^1.4.3"
    "@lumino/virtualdom" "^1.8.0"
    "@lumino/widgets" "^1.19.0"
    "@types/react" "^17.0.0"
    react "^17.0.1"
    react-dom "^17.0.1"
    sanitize-html "~2.5.3"
    url "^0.11.0"

"@jupyterlab/coreutils@^5.2.9":
  version "5.2.9"
  resolved "https://registry.yarnpkg.com/@jupyterlab/coreutils/-/coreutils-5.2.9.tgz#0ad836fafd6eb374a6027ffbbc12c4c2ff3a04b1"
  integrity sha512-bNdjTMwkbZyAz6z0+lY0BgvMthQT5l5i61Cd/k6GHRcffEZoesMME6Gwz6YuVL0M8ijk/NJ75NevLLj24l7Yyg==
  dependencies:
    "@lumino/coreutils" "^1.5.3"
    "@lumino/disposable" "^1.4.3"
    "@lumino/signaling" "^1.4.3"
    minimist "~1.2.0"
    moment "^2.24.0"
    path-browserify "^1.0.0"
    url-parse "~1.5.1"

"@jupyterlab/mainmenu@^2.2.4,^3.0.0":
  version "3.2.9"
  resolved "https://registry.yarnpkg.com/@jupyterlab/mainmenu/-/mainmenu-3.2.9.tgz#03c8e608e94b0be7cc7097b358c548d132c778cd"
  integrity sha512-ZwsMp0aKOVbFR1k+0ZHKQw0kltOwseu6fcm4NV7Xh9XPOb5zmKMgncwaaETrJARAtKZ8cAgoHTMkNsYXhvWlPQ==
  dependencies:
    "@jupyterlab/apputils" "^3.2.9"
    "@jupyterlab/services" "^6.2.9"
    "@jupyterlab/translation" "^3.2.9"
    "@jupyterlab/ui-components" "^3.2.9"
    "@lumino/algorithm" "^1.3.3"
    "@lumino/commands" "^1.12.0"
    "@lumino/coreutils" "^1.5.3"
    "@lumino/widgets" "^1.19.0"

"@jupyterlab/nbformat@^3.2.9":
  version "3.2.9"
  resolved "https://registry.yarnpkg.com/@jupyterlab/nbformat/-/nbformat-3.2.9.tgz#e7d854719612133498af4280d9a8caa0873205b0"
  integrity sha512-WSf9OQo8yfFjyodbXRdFoaNwMkaAL5jFZiD6V2f8HqI380ipansWrrV7R9CGzPfgKHpUGZMO1tYKmUwzMhvZ4w==
  dependencies:
    "@lumino/coreutils" "^1.5.3"

"@jupyterlab/observables@^4.2.9":
  version "4.2.9"
  resolved "https://registry.yarnpkg.com/@jupyterlab/observables/-/observables-4.2.9.tgz#d83c4ad11d876bf87609aea0b0f8973aea2b6714"
  integrity sha512-aHvNsd9euWRqibMcBQNY2sScwrR6acjcTexQolkFUWvQR4NEfSESKnRBOuYLOR3kAEfcVRFasEBVNdbbsLxcXw==
  dependencies:
    "@lumino/algorithm" "^1.3.3"
    "@lumino/coreutils" "^1.5.3"
    "@lumino/disposable" "^1.4.3"
    "@lumino/messaging" "^1.4.3"
    "@lumino/signaling" "^1.4.3"

"@jupyterlab/services@^6.2.9":
  version "6.2.9"
  resolved "https://registry.yarnpkg.com/@jupyterlab/services/-/services-6.2.9.tgz#fb6b2a1c365fb2de05a7f995fc6092a8e32e2629"
  integrity sha512-6QzRBtTNE17I6/Kiid7qC2HQ4heAGWrX+vc1oNRHVv86ayzWiG3025qVNDm1QohykofUqRRYy8AHs0l84wfpDg==
  dependencies:
    "@jupyterlab/coreutils" "^5.2.9"
    "@jupyterlab/nbformat" "^3.2.9"
    "@jupyterlab/observables" "^4.2.9"
    "@jupyterlab/settingregistry" "^3.2.9"
    "@jupyterlab/statedb" "^3.2.9"
    "@lumino/algorithm" "^1.3.3"
    "@lumino/coreutils" "^1.5.3"
    "@lumino/disposable" "^1.4.3"
    "@lumino/polling" "^1.3.3"
    "@lumino/signaling" "^1.4.3"
    node-fetch "^2.6.0"
    ws "^7.4.6"

"@jupyterlab/settingregistry@^3.2.9":
  version "3.2.9"
  resolved "https://registry.yarnpkg.com/@jupyterlab/settingregistry/-/settingregistry-3.2.9.tgz#374863461d37fea3b5b4ec2fab1b95baa828477d"
  integrity sha512-NW3lRmFkrpqGfvQAVoHmb91f20TVKKz1bvxzWDusJPrKZOiiHfalRuGst5BWKAOtY2/edwwwTk5RSGSROeewqA==
  dependencies:
    "@jupyterlab/statedb" "^3.2.9"
    "@lumino/commands" "^1.12.0"
    "@lumino/coreutils" "^1.5.3"
    "@lumino/disposable" "^1.4.3"
    "@lumino/signaling" "^1.4.3"
    ajv "^6.12.3"
    json5 "^2.1.1"

"@jupyterlab/statedb@^3.2.9":
  version "3.2.9"
  resolved "https://registry.yarnpkg.com/@jupyterlab/statedb/-/statedb-3.2.9.tgz#f637d30471e5fcdf75af9e1f35a99ccd88192a62"
  integrity sha512-BmH/f1n8LwHjAifSg76lxYs70yioWapfOrA9PEh10nDbgmZiQXbNpcsaToJkI6e27NcADmomi4Aj637TLCDbCg==
  dependencies:
    "@lumino/commands" "^1.12.0"
    "@lumino/coreutils" "^1.5.3"
    "@lumino/disposable" "^1.4.3"
    "@lumino/properties" "^1.2.3"
    "@lumino/signaling" "^1.4.3"

"@jupyterlab/translation@^3.2.9":
  version "3.2.9"
  resolved "https://registry.yarnpkg.com/@jupyterlab/translation/-/translation-3.2.9.tgz#3e7532a4072bbc27e0f01e6601263de8f7cea9db"
  integrity sha512-Pjs8PScBmgcHFh56Ceu0Fsay9vP+gLgQSB/ZkhD9ef1lg2j3WGoOV1sYpjbf9rl3+j0qbJSAiO/X/lYuj0+tGw==
  dependencies:
    "@jupyterlab/coreutils" "^5.2.9"
    "@jupyterlab/services" "^6.2.9"
    "@jupyterlab/statedb" "^3.2.9"
    "@lumino/coreutils" "^1.5.3"

"@jupyterlab/ui-components@^3.2.9":
  version "3.2.9"
  resolved "https://registry.yarnpkg.com/@jupyterlab/ui-components/-/ui-components-3.2.9.tgz#87450b87d1ea6c0e9092f759fd3b43b5f29abc9d"
  integrity sha512-mhmBwMsvZiiWCwZhI1c/6BZqvdVJjU6bSvjrkHOuJxGS/wVBvs05FO/BXZql/3uC21Cqndnh4q4cWgaAiHUgYw==
  dependencies:
    "@blueprintjs/core" "^3.36.0"
    "@blueprintjs/select" "^3.15.0"
    "@jupyterlab/coreutils" "^5.2.9"
    "@lumino/algorithm" "^1.3.3"
    "@lumino/commands" "^1.12.0"
    "@lumino/coreutils" "^1.5.3"
    "@lumino/disposable" "^1.4.3"
    "@lumino/signaling" "^1.4.3"
    "@lumino/virtualdom" "^1.8.0"
    "@lumino/widgets" "^1.19.0"
    react "^17.0.1"
    react-dom "^17.0.1"
    typestyle "^2.0.4"

"@lumino/algorithm@^1.3.3":
  version "1.3.3"
  resolved "https://registry.yarnpkg.com/@lumino/algorithm/-/algorithm-1.3.3.tgz#fdf4daa407a1ce6f233e173add6a2dda0c99eef4"
  integrity sha512-I2BkssbOSLq3rDjgAC3fzf/zAIwkRUnAh60MO0lYcaFdSGyI15w4K3gwZHGIO0p9cKEiNHLXKEODGmOjMLOQ3g==

"@lumino/algorithm@^1.9.1":
  version "1.9.1"
  resolved "https://registry.yarnpkg.com/@lumino/algorithm/-/algorithm-1.9.1.tgz#a870598e031f5ee85e20e77ce7bfffbb0dffd7f5"
  integrity sha512-d0rj7IYRzYj6WbWSrbJbKvrfO4H0NUnXT2yjSWS/sCklpTpSp0IGmndK/X4r6gG+ev5lb5+wBg9ofUDBvoAlAw==

"@lumino/collections@^1.3.3":
  version "1.3.3"
  resolved "https://registry.yarnpkg.com/@lumino/collections/-/collections-1.3.3.tgz#fa95c826b93ee6e24b3c4b07c8f595312525f8cc"
  integrity sha512-vN3GSV5INkgM6tMLd+WqTgaPnQNTY7L/aFUtTOC8TJQm+vg1eSmR4fNXsoGHM3uA85ctSJThvdZr5triu1Iajg==
  dependencies:
    "@lumino/algorithm" "^1.3.3"

"@lumino/collections@^1.9.1":
  version "1.9.1"
  resolved "https://registry.yarnpkg.com/@lumino/collections/-/collections-1.9.1.tgz#268f1ec6850d5e131cfc8db232c7e1e106144aa0"
  integrity sha512-5RaRGUY7BJ/1j173sc9DCfiVf70Z0hopRnBV8/AeAaK9bJJRAYjDhlZ9O8xTyouegh6krkOfiDyjl3pwogLrQw==
  dependencies:
    "@lumino/algorithm" "^1.9.1"

"@lumino/commands@^1.11.3":
  version "1.11.3"
  resolved "https://registry.yarnpkg.com/@lumino/commands/-/commands-1.11.3.tgz#d2ab47fae88efcbb5b2032fa69894574616b7887"
  integrity sha512-0JencVUzJWEaXVDngpLhgOWza6Yql5tq2W2Qsi9U3exEDE3CqXdjehI/Uy4Cj2+aAfZju8iPvyZVlLq2psyKLw==
  dependencies:
    "@lumino/algorithm" "^1.3.3"
    "@lumino/coreutils" "^1.5.3"
    "@lumino/disposable" "^1.4.3"
    "@lumino/domutils" "^1.2.3"
    "@lumino/keyboard" "^1.2.3"
    "@lumino/signaling" "^1.4.3"
    "@lumino/virtualdom" "^1.7.3"

"@lumino/commands@^1.12.0", "@lumino/commands@^1.20.0":
  version "1.20.0"
  resolved "https://registry.yarnpkg.com/@lumino/commands/-/commands-1.20.0.tgz#44c797134bb33946141a490c506420bd5f12ce0f"
  integrity sha512-xyrzDIJ9QEbcbRAwmXrjb7A7/E5MDNbnLANKwqmFVNF+4LSnF62obdvY4On3Rify3HmfX0u16Xr9gfoWPX9wLQ==
  dependencies:
    "@lumino/algorithm" "^1.9.1"
    "@lumino/coreutils" "^1.12.0"
    "@lumino/disposable" "^1.10.1"
    "@lumino/domutils" "^1.8.1"
    "@lumino/keyboard" "^1.8.1"
    "@lumino/signaling" "^1.10.1"
    "@lumino/virtualdom" "^1.14.1"

"@lumino/coreutils@^1.12.0":
  version "1.12.0"
  resolved "https://registry.yarnpkg.com/@lumino/coreutils/-/coreutils-1.12.0.tgz#fbdef760f736eaf2bd396a5c6fc3a68a4b449b15"
  integrity sha512-DSglh4ylmLi820CNx9soJmDJCpUgymckdWeGWuN0Ash5g60oQvrQDfosVxEhzmNvtvXv45WZEqSBzDP6E5SEmQ==

"@lumino/coreutils@^1.5.3":
  version "1.5.3"
  resolved "https://registry.yarnpkg.com/@lumino/coreutils/-/coreutils-1.5.3.tgz#89dd7b7f381642a1bf568910c5b62c7bde705d71"
  integrity sha512-G72jJ6sgOwAUuilz+cri7LpHIJxllK+qz+YZUC3fyyWHK7oRlZemcc43jZAVE+tagTdMxKYSQWNIVzM5lI8sWw==

"@lumino/disposable@^1.10.1":
  version "1.10.1"
  resolved "https://registry.yarnpkg.com/@lumino/disposable/-/disposable-1.10.1.tgz#58fddc619cf89335802d168564b76ff5315d5a84"
  integrity sha512-mZQILc8sVGZC7mJNOGVmehDRO9/u3sIRdjZ+pCYjDgXKcINLd6HoPhZDquKCWiRBfHTL1B3tOHjnBhahBc2N/Q==
  dependencies:
    "@lumino/algorithm" "^1.9.1"
    "@lumino/signaling" "^1.10.1"

"@lumino/disposable@^1.4.3":
  version "1.4.3"
  resolved "https://registry.yarnpkg.com/@lumino/disposable/-/disposable-1.4.3.tgz#0a69b15cc5a1e506f93bb390ac44aae338da3c36"
  integrity sha512-zKQ9N2AEGcYpG6PJkeMWQXvoXU9w1ocji78z+fboM/SmSgtOIVGeQt3fZeldymf0XrlOPpNXs1ZFg54yWUMnXA==
  dependencies:
    "@lumino/algorithm" "^1.3.3"
    "@lumino/signaling" "^1.4.3"

"@lumino/domutils@^1.2.3":
  version "1.2.3"
  resolved "https://registry.yarnpkg.com/@lumino/domutils/-/domutils-1.2.3.tgz#7e8e549a97624bfdbd4dd95ae4d1e30b87799822"
  integrity sha512-SEi8WZSy+DWMkL5CfAY78MHbi3x83AVmRFxjs9+A6qsFPde+Hr1I4DNtLsSDmfAWsobHHgBnjyNp2ZkQEq0IEA==

"@lumino/domutils@^1.8.1":
  version "1.8.1"
  resolved "https://registry.yarnpkg.com/@lumino/domutils/-/domutils-1.8.1.tgz#cf118e4eba90c3bf1e3edf7f19cce8846ec7875c"
  integrity sha512-QUVXwmDMIfcHC3yslhmyGK4HYBKaJ3xX5MTwDrjsSX7J7AZ4jwL4zfsxyF9ntdqEKraoJhLQ6BaUBY+Ur1cnYw==

"@lumino/dragdrop@^1.14.0":
  version "1.14.0"
  resolved "https://registry.yarnpkg.com/@lumino/dragdrop/-/dragdrop-1.14.0.tgz#48baacc190518d0cb563698daa0d5b976d6fe5c3"
  integrity sha512-hO8sgF0BkpihKIP6UZgVJgiOEhz89i7Oxtp9FR9Jqw5alGocxSXt7q3cteMvqpcL6o2/s3CafZNRkVLRXmepNw==
  dependencies:
    "@lumino/coreutils" "^1.12.0"
    "@lumino/disposable" "^1.10.1"

"@lumino/dragdrop@^1.6.4":
  version "1.6.4"
  resolved "https://registry.yarnpkg.com/@lumino/dragdrop/-/dragdrop-1.6.4.tgz#bc87589b7335f40cf8dc5b2cffa14cfb3a1c56cc"
  integrity sha512-t+tQazxg/fyyC7T1wm7mnSfUDNPvAbKHRDWaIbBRVjf6M+B5N8eFwwqMZ63nKdzZPbwX6DJq+D2DNlqIB7gOjg==
  dependencies:
    "@lumino/coreutils" "^1.5.3"
    "@lumino/disposable" "^1.4.3"

"@lumino/keyboard@^1.2.3":
  version "1.2.3"
  resolved "https://registry.yarnpkg.com/@lumino/keyboard/-/keyboard-1.2.3.tgz#594c73233636d85ed035b1a37a095acf956cfe8c"
  integrity sha512-ibS0sz0VABeuJXx2JVSz36sUBMUOcQNCNPybVhwzN/GkJFs0dnDKluMu+3Px0tkB2y33bGPZU/RLZY1Xj/faEA==

"@lumino/keyboard@^1.8.1":
  version "1.8.1"
  resolved "https://registry.yarnpkg.com/@lumino/keyboard/-/keyboard-1.8.1.tgz#e7850e2fb973fbb4c6e737ca8d9307f2dc3eb74b"
  integrity sha512-8x0y2ZQtEvOsblpI2gfTgf+gboftusP+5aukKEsgNQtzFl28RezQXEOSVd8iD3K6+Q1MaPQF0OALYP0ASqBjBg==

"@lumino/messaging@^1.10.1":
  version "1.10.1"
  resolved "https://registry.yarnpkg.com/@lumino/messaging/-/messaging-1.10.1.tgz#b29575cca46e2f23b84626b793ec8e2be46a53ba"
  integrity sha512-XZSdt9ih94rdeeLL0cryUw6HHD51D7TP8c+MFf+YRF6VKwOFB9RoajfQWadeqpmH+schTs3EsrFfA9KHduzC7w==
  dependencies:
    "@lumino/algorithm" "^1.9.1"
    "@lumino/collections" "^1.9.1"

"@lumino/messaging@^1.4.3":
  version "1.4.3"
  resolved "https://registry.yarnpkg.com/@lumino/messaging/-/messaging-1.4.3.tgz#75a1901f53086c7c0e978a63cb784eae5cc59f3f"
  integrity sha512-wa2Pj2KOuLNLS2n0wVBzUVFGbvjL1FLbuCOAUEYfN6xXVleqqtGGzd08uTF7ebu01KCO3VQ38+dkvoaM/C2qPw==
  dependencies:
    "@lumino/algorithm" "^1.3.3"
    "@lumino/collections" "^1.3.3"

"@lumino/polling@^1.3.3":
  version "1.10.0"
  resolved "https://registry.yarnpkg.com/@lumino/polling/-/polling-1.10.0.tgz#94a92811edf4c2534c741510b30f500d8c16a395"
  integrity sha512-ZNXObJQfugnS41Yrlr7yWcFiRK+xAGGOXO08JJ0Mctsg5mT30UEGFVWJY2AjZ6N5aQuLyGed/pMkBzLzrzt8OA==
  dependencies:
    "@lumino/coreutils" "^1.12.0"
    "@lumino/disposable" "^1.10.1"
    "@lumino/signaling" "^1.10.1"

"@lumino/properties@^1.2.3":
  version "1.2.3"
  resolved "https://registry.yarnpkg.com/@lumino/properties/-/properties-1.2.3.tgz#10675e554e4a9dcc4022de01875fd51f33e2c785"
  integrity sha512-dbS9V/L+RpQoRjxHMAGh1JYoXaLA6F7xkVbg/vmYXqdXZ7DguO5C3Qteu9tNp7Z7Q31TqFWUCrniTI9UJiJCoQ==

"@lumino/properties@^1.8.1":
  version "1.8.1"
  resolved "https://registry.yarnpkg.com/@lumino/properties/-/properties-1.8.1.tgz#47eb8516e92c987dcb2c404db83a258159efec3d"
  integrity sha512-O+CCcAqP64Di32DUZ4Jqq0DtUyE5RJREN5vbkgGZGu+WauJ/RYoiLDe1ubbAeSaHk71OrS60ZBV7QyC8ZaBVsA==

"@lumino/signaling@^1.10.1":
  version "1.10.1"
  resolved "https://registry.yarnpkg.com/@lumino/signaling/-/signaling-1.10.1.tgz#c8a1cb5b661b6744ea817c99c758fdc897847c26"
  integrity sha512-GZVbX4cfk/ZqLwkemPD/NwqToaTL/6q7qdLpEhgkiPlaH1S5/V7fDpP7N1uFy4n3BDITId8cpYgH/Ds32Mdp3A==
  dependencies:
    "@lumino/algorithm" "^1.9.1"

"@lumino/signaling@^1.4.3":
  version "1.4.3"
  resolved "https://registry.yarnpkg.com/@lumino/signaling/-/signaling-1.4.3.tgz#d29f7f542fdcd70b91ca275d3ca793ae21cebf6a"
  integrity sha512-6clc8SMcH0tyKXIX31xw6sxjxJl5hj4YRd1DTHTS62cegQ0FkO8JjJeuv+Nc1pgTg6nEAf65aSOHpUdsFHDAvQ==
  dependencies:
    "@lumino/algorithm" "^1.3.3"

"@lumino/virtualdom@^1.14.1", "@lumino/virtualdom@^1.8.0":
  version "1.14.1"
  resolved "https://registry.yarnpkg.com/@lumino/virtualdom/-/virtualdom-1.14.1.tgz#2551b146cbe87c48d23754f370c1331a60c9fe62"
  integrity sha512-imIJd/wtRkoR1onEiG5nxPEaIrf70nn4PgD/56ri3/Lo6AJEX2CusF6iIA27GVB8yl/7CxgTHUnzzCwTFPypcA==
  dependencies:
    "@lumino/algorithm" "^1.9.1"

"@lumino/virtualdom@^1.7.3":
  version "1.7.3"
  resolved "https://registry.yarnpkg.com/@lumino/virtualdom/-/virtualdom-1.7.3.tgz#57586b088feeeedd020c0815ea5d3159519bd83e"
  integrity sha512-YgQyyo5F7nMfcp5wbpJQyBsztFqAQPO1++sbPCJiF8Mt0Zo5+hN0jWG2tw7IymHdXDNypgnrCiiHQZMUXuzCiA==
  dependencies:
    "@lumino/algorithm" "^1.3.3"

"@lumino/widgets@^1.14.0":
  version "1.14.0"
  resolved "https://registry.yarnpkg.com/@lumino/widgets/-/widgets-1.14.0.tgz#7e8ddcb48626ce0cbf36cf83247e12a11a0eeffb"
  integrity sha512-Il1avoaRzrtIO4DDHJdBtfqMvYypiGyPanwXnGrqZI5neEnwJThdyaU8CVVlZZqnNyPHvNCk+7KV0sYrgBAoDA==
  dependencies:
    "@lumino/algorithm" "^1.3.3"
    "@lumino/commands" "^1.11.3"
    "@lumino/coreutils" "^1.5.3"
    "@lumino/disposable" "^1.4.3"
    "@lumino/domutils" "^1.2.3"
    "@lumino/dragdrop" "^1.6.4"
    "@lumino/keyboard" "^1.2.3"
    "@lumino/messaging" "^1.4.3"
    "@lumino/properties" "^1.2.3"
    "@lumino/signaling" "^1.4.3"
    "@lumino/virtualdom" "^1.7.3"

"@lumino/widgets@^1.19.0":
  version "1.31.1"
  resolved "https://registry.yarnpkg.com/@lumino/widgets/-/widgets-1.31.1.tgz#c9c0b8c7940b412e55369fa277392bf86c6e4136"
  integrity sha512-4RzAMqWwWHa5IiaQaeIbiZdIBm/FOg6ub0w8dG3km0k+zIQyA4LFq2dbB1w6SHT1d06N+L/ebYfgvMFswPENag==
  dependencies:
    "@lumino/algorithm" "^1.9.1"
    "@lumino/commands" "^1.20.0"
    "@lumino/coreutils" "^1.12.0"
    "@lumino/disposable" "^1.10.1"
    "@lumino/domutils" "^1.8.1"
    "@lumino/dragdrop" "^1.14.0"
    "@lumino/keyboard" "^1.8.1"
    "@lumino/messaging" "^1.10.1"
    "@lumino/properties" "^1.8.1"
    "@lumino/signaling" "^1.10.1"
    "@lumino/virtualdom" "^1.14.1"

"@types/dom4@^2.0.1":
  version "2.0.1"
  resolved "https://registry.yarnpkg.com/@types/dom4/-/dom4-2.0.1.tgz#506d5781b9bcab81bd9a878b198aec7dee2a6033"
  integrity sha512-kSkVAvWmMZiCYtvqjqQEwOmvKwcH+V4uiv3qPQ8pAh1Xl39xggGEo8gHUqV4waYGHezdFw0rKBR8Jt0CrQSDZA==

"@types/prop-types@*":
  version "15.7.3"
  resolved "https://registry.yarnpkg.com/@types/prop-types/-/prop-types-15.7.3.tgz#2ab0d5da2e5815f94b0b9d4b95d1e5f243ab2ca7"
  integrity sha512-KfRL3PuHmqQLOG+2tGpRO26Ctg+Cq1E01D2DMriKEATHgWLfeNDmq9e29Q9WIky0dQ3NPkd1mzYH8Lm936Z9qw==

"@types/react@^17.0.0":
  version "17.0.39"
  resolved "https://registry.yarnpkg.com/@types/react/-/react-17.0.39.tgz#d0f4cde092502a6db00a1cded6e6bf2abb7633ce"
  integrity sha512-UVavlfAxDd/AgAacMa60Azl7ygyQNRwC/DsHZmKgNvPmRR5p70AJ5Q9EAmL2NWOJmeV+vVUI4IAP7GZrN8h8Ug==
  dependencies:
    "@types/prop-types" "*"
    "@types/scheduler" "*"
    csstype "^3.0.2"

"@types/scheduler@*":
  version "0.16.2"
  resolved "https://registry.yarnpkg.com/@types/scheduler/-/scheduler-0.16.2.tgz#1a62f89525723dde24ba1b01b092bf5df8ad4d39"
  integrity sha512-hppQEBDmlwhFAXKJX2KnWLYu5yMfi91yazPb2l+lbJiwW+wdo1gNeRA+3RgNSO39WYX2euey41KEwnqesU2Jew==

ajv@^6.12.3:
  version "6.12.6"
  resolved "https://registry.yarnpkg.com/ajv/-/ajv-6.12.6.tgz#baf5a62e802b07d977034586f8c3baf5adf26df4"
  integrity sha512-j3fVLgvTo527anyYyJOGTYJbG+vnnQYvE0m5mmkc1TK+nxAppkCLMIL0aZ4dblVCNoGShhm+kzE4ZUykBoMg4g==
  dependencies:
    fast-deep-equal "^3.1.1"
    fast-json-stable-stringify "^2.0.0"
    json-schema-traverse "^0.4.1"
    uri-js "^4.2.2"

classnames@^2.2:
  version "2.2.6"
  resolved "https://registry.yarnpkg.com/classnames/-/classnames-2.2.6.tgz#43935bffdd291f326dad0a205309b38d00f650ce"
  integrity sha512-JR/iSQOSt+LQIWwrwEzJ9uk0xfN3mTVYMwt1Ir5mUcSN6pU+V4zQFFaJsclJbPuAUQH+yfWef6tm7l1quW3C8Q==

create-react-context@^0.3.0:
  version "0.3.0"
  resolved "https://registry.yarnpkg.com/create-react-context/-/create-react-context-0.3.0.tgz#546dede9dc422def0d3fc2fe03afe0bc0f4f7d8c"
  integrity sha512-dNldIoSuNSvlTJ7slIKC/ZFGKexBMBrrcc+TTe1NdmROnaASuLPvqpwj9v4XS4uXZ8+YPu0sNmShX2rXI5LNsw==
  dependencies:
    gud "^1.0.0"
    warning "^4.0.3"

csstype@2.6.9:
  version "2.6.9"
  resolved "https://registry.yarnpkg.com/csstype/-/csstype-2.6.9.tgz#05141d0cd557a56b8891394c1911c40c8a98d098"
  integrity sha512-xz39Sb4+OaTsULgUERcCk+TJj8ylkL4aSVDQiX/ksxbELSqwkgt4d4RD7fovIdgJGSuNYqwZEiVjYY5l0ask+Q==

csstype@^3.0.2:
  version "3.0.4"
  resolved "https://registry.yarnpkg.com/csstype/-/csstype-3.0.4.tgz#b156d7be03b84ff425c9a0a4b1e5f4da9c5ca888"
  integrity sha512-xc8DUsCLmjvCfoD7LTGE0ou2MIWLx0K9RCZwSHMOdynqRsP4MtUcLeqh1HcQ2dInwDTqn+3CE0/FZh1et+p4jA==

deep-equal@^1.1.1:
  version "1.1.1"
  resolved "https://registry.yarnpkg.com/deep-equal/-/deep-equal-1.1.1.tgz#b5c98c942ceffaf7cb051e24e1434a25a2e6076a"
  integrity sha512-yd9c5AdiqVcR+JjcwUQb9DkhJc8ngNr0MahEBGvDiJw8puWab2yZlh+nkasOnZP+EGTAP6rRp2JzJhJZzvNF8g==
  dependencies:
    is-arguments "^1.0.4"
    is-date-object "^1.0.1"
    is-regex "^1.0.4"
    object-is "^1.0.1"
    object-keys "^1.1.1"
    regexp.prototype.flags "^1.2.0"

deepmerge@^4.2.2:
  version "4.2.2"
  resolved "https://registry.yarnpkg.com/deepmerge/-/deepmerge-4.2.2.tgz#44d2ea3679b8f4d4ffba33f03d865fc1e7bf4955"
  integrity sha512-FJ3UgI4gIl+PHZm53knsuSFpE+nESMr7M4v9QcgB7S63Kj/6WqMiFQJpBBYz1Pt+66bZpP3Q7Lye0Oo9MPKEdg==

define-properties@^1.1.3:
  version "1.1.3"
  resolved "https://registry.yarnpkg.com/define-properties/-/define-properties-1.1.3.tgz#cf88da6cbee26fe6db7094f61d870cbd84cee9f1"
  integrity sha512-3MqfYKj2lLzdMSf8ZIZE/V+Zuy+BgD6f164e8K2w7dgnpKArBDerGYpM46IYYcjnkdPNMjPk9A6VFB8+3SKlXQ==
  dependencies:
    object-keys "^1.0.12"

dom-helpers@^3.4.0:
  version "3.4.0"
  resolved "https://registry.yarnpkg.com/dom-helpers/-/dom-helpers-3.4.0.tgz#e9b369700f959f62ecde5a6babde4bccd9169af8"
  integrity sha512-LnuPJ+dwqKDIyotW1VzmOZ5TONUN7CwkCR5hrgawTUbkBGYdeoNLZo6nNfGkCrjtE1nXXaj7iMMpDa8/d9WoIA==
  dependencies:
    "@babel/runtime" "^7.1.2"

dom-serializer@^1.0.1:
  version "1.3.2"
  resolved "https://registry.yarnpkg.com/dom-serializer/-/dom-serializer-1.3.2.tgz#6206437d32ceefaec7161803230c7a20bc1b4d91"
  integrity sha512-5c54Bk5Dw4qAxNOI1pFEizPSjVsx5+bpJKmL2kPn8JhBUq2q09tTCa3mjijun2NfK78NMouDYNMBkOrPZiS+ig==
  dependencies:
    domelementtype "^2.0.1"
    domhandler "^4.2.0"
    entities "^2.0.0"

dom4@^2.1.5:
  version "2.1.5"
  resolved "https://registry.yarnpkg.com/dom4/-/dom4-2.1.5.tgz#f98a94eb67b340f0fa5b42b0ee9c38cda035428e"
  integrity sha512-gJbnVGq5zaBUY0lUh0LUEVGYrtN75Ks8ZwpwOYvnVFrKy/qzXK4R/1WuLIFExWj/tBxbRAkTzZUGJHXmqsBNjQ==

domelementtype@^2.0.1:
  version "2.0.2"
  resolved "https://registry.yarnpkg.com/domelementtype/-/domelementtype-2.0.2.tgz#f3b6e549201e46f588b59463dd77187131fe6971"
  integrity sha512-wFwTwCVebUrMgGeAwRL/NhZtHAUyT9n9yg4IMDwf10+6iCMxSkVq9MGCVEH+QZWo1nNidy8kNvwmv4zWHDTqvA==

domelementtype@^2.2.0:
  version "2.2.0"
  resolved "https://registry.yarnpkg.com/domelementtype/-/domelementtype-2.2.0.tgz#9a0b6c2782ed6a1c7323d42267183df9bd8b1d57"
  integrity sha512-DtBMo82pv1dFtUmHyr48beiuq792Sxohr+8Hm9zoxklYPfa6n0Z3Byjj2IV7bmr2IyqClnqEQhfgHJJ5QF0R5A==

domhandler@^4.0.0, domhandler@^4.2.0:
  version "4.3.0"
  resolved "https://registry.yarnpkg.com/domhandler/-/domhandler-4.3.0.tgz#16c658c626cf966967e306f966b431f77d4a5626"
  integrity sha512-fC0aXNQXqKSFTr2wDNZDhsEYjCiYsDWl3D01kwt25hm1YIPyDGHvvi3rw+PLqHAl/m71MaiF7d5zvBr0p5UB2g==
  dependencies:
    domelementtype "^2.2.0"

domutils@^2.5.2:
  version "2.8.0"
  resolved "https://registry.yarnpkg.com/domutils/-/domutils-2.8.0.tgz#4437def5db6e2d1f5d6ee859bd95ca7d02048135"
  integrity sha512-w96Cjofp72M5IIhpjgobBimYEfoPjx1Vx0BSX9P30WBdZW2WIKU0T1Bd0kz2eNZ9ikjKgHbEyKx8BB6H1L3h3A==
  dependencies:
    dom-serializer "^1.0.1"
    domelementtype "^2.2.0"
    domhandler "^4.2.0"

entities@^2.0.0:
  version "2.1.0"
  resolved "https://registry.yarnpkg.com/entities/-/entities-2.1.0.tgz#992d3129cf7df6870b96c57858c249a120f8b8b5"
  integrity sha512-hCx1oky9PFrJ611mf0ifBLBRW8lUUVRlFolb5gWRfIELabBlbp9xZvrqZLZAs+NxFnbfQoeGd8wDkygjg7U85w==

es-abstract@^1.17.0-next.1:
  version "1.17.7"
  resolved "https://registry.yarnpkg.com/es-abstract/-/es-abstract-1.17.7.tgz#a4de61b2f66989fc7421676c1cb9787573ace54c"
  integrity sha512-VBl/gnfcJ7OercKA9MVaegWsBHFjV492syMudcnQZvt/Dw8ezpcOHYZXa/J96O8vx+g4x65YKhxOwDUh63aS5g==
  dependencies:
    es-to-primitive "^1.2.1"
    function-bind "^1.1.1"
    has "^1.0.3"
    has-symbols "^1.0.1"
    is-callable "^1.2.2"
    is-regex "^1.1.1"
    object-inspect "^1.8.0"
    object-keys "^1.1.1"
    object.assign "^4.1.1"
    string.prototype.trimend "^1.0.1"
    string.prototype.trimstart "^1.0.1"

es-abstract@^1.18.0-next.0, es-abstract@^1.18.0-next.1:
  version "1.18.0-next.1"
  resolved "https://registry.yarnpkg.com/es-abstract/-/es-abstract-1.18.0-next.1.tgz#6e3a0a4bda717e5023ab3b8e90bec36108d22c68"
  integrity sha512-I4UGspA0wpZXWENrdA0uHbnhte683t3qT/1VFH9aX2dA5PPSf6QW5HHXf5HImaqPmjXaVeVk4RGWnaylmV7uAA==
  dependencies:
    es-to-primitive "^1.2.1"
    function-bind "^1.1.1"
    has "^1.0.3"
    has-symbols "^1.0.1"
    is-callable "^1.2.2"
    is-negative-zero "^2.0.0"
    is-regex "^1.1.1"
    object-inspect "^1.8.0"
    object-keys "^1.1.1"
    object.assign "^4.1.1"
    string.prototype.trimend "^1.0.1"
    string.prototype.trimstart "^1.0.1"

es-to-primitive@^1.2.1:
  version "1.2.1"
  resolved "https://registry.yarnpkg.com/es-to-primitive/-/es-to-primitive-1.2.1.tgz#e55cd4c9cdc188bcefb03b366c736323fc5c898a"
  integrity sha512-QCOllgZJtaUo9miYBcLChTUaHNjJF3PYs1VidD7AwiEj1kYxKeQTctLAezAOH5ZKRH0g2IgPn6KwB4IT8iRpvA==
  dependencies:
    is-callable "^1.1.4"
    is-date-object "^1.0.1"
    is-symbol "^1.0.2"

escape-string-regexp@^4.0.0:
  version "4.0.0"
  resolved "https://registry.yarnpkg.com/escape-string-regexp/-/escape-string-regexp-4.0.0.tgz#14ba83a5d373e3d311e5afca29cf5bfad965bf34"
  integrity sha512-TtpcNJ3XAzx3Gq8sWRzJaVajRs0uVxA2YAkdb1jm2YkPz4G6egUFAyA3n5vtEIZefPk5Wa4UXbKuS5fKkJWdgA==

fast-deep-equal@^3.1.1:
  version "3.1.3"
  resolved "https://registry.yarnpkg.com/fast-deep-equal/-/fast-deep-equal-3.1.3.tgz#3a7d56b559d6cbc3eb512325244e619a65c6c525"
  integrity sha512-f3qQ9oQy9j2AhBe/H9VC91wLmKBCCU/gDOnKNAYG5hswO7BLKj09Hc5HYNz9cGI++xlpDCIgDaitVs03ATR84Q==

fast-json-stable-stringify@^2.0.0:
  version "2.1.0"
  resolved "https://registry.yarnpkg.com/fast-json-stable-stringify/-/fast-json-stable-stringify-2.1.0.tgz#874bf69c6f404c2b5d99c481341399fd55892633"
  integrity sha512-lhd/wF+Lk98HZoTCtlVraHtfh5XYijIjalXck7saUtuanSDyLMxnHhSXEDJqHxD7msR8D0uCmqlkwjCV8xvwHw==

free-style@3.1.0:
  version "3.1.0"
  resolved "https://registry.yarnpkg.com/free-style/-/free-style-3.1.0.tgz#4e2996029534e6b1731611d843437b9e2f473f08"
  integrity sha512-vJujYSIyT30iDoaoeigNAxX4yB1RUrh+N2ZMhIElMr3BvCuGXOw7XNJMEEJkDUeamK2Rnb/IKFGKRKlTWIGRWA==

function-bind@^1.1.1:
  version "1.1.1"
  resolved "https://registry.yarnpkg.com/function-bind/-/function-bind-1.1.1.tgz#a56899d3ea3c9bab874bb9773b7c5ede92f4895d"
  integrity sha512-yIovAzMX49sF8Yl58fSCWJ5svSLuaibPxXQJFLmBObTuCr0Mf1KiPopGM9NiFjiYBCbfaa2Fh6breQ6ANVTI0A==

gud@^1.0.0:
  version "1.0.0"
  resolved "https://registry.yarnpkg.com/gud/-/gud-1.0.0.tgz#a489581b17e6a70beca9abe3ae57de7a499852c0"
  integrity sha512-zGEOVKFM5sVPPrYs7J5/hYEw2Pof8KCyOwyhG8sAF26mCAeUFAcYPu1mwB7hhpIP29zOIBaDqwuHdLp0jvZXjw==

has-symbols@^1.0.1:
  version "1.0.1"
  resolved "https://registry.yarnpkg.com/has-symbols/-/has-symbols-1.0.1.tgz#9f5214758a44196c406d9bd76cebf81ec2dd31e8"
  integrity sha512-PLcsoqu++dmEIZB+6totNFKq/7Do+Z0u4oT0zKOJNl3lYK6vGwwu2hjHs+68OEZbTjiUE9bgOABXbP/GvrS0Kg==

has@^1.0.3:
  version "1.0.3"
  resolved "https://registry.yarnpkg.com/has/-/has-1.0.3.tgz#722d7cbfc1f6aa8241f16dd814e011e1f41e8796"
  integrity sha512-f2dvO0VU6Oej7RkWJGrehjbzMAjFp5/VKPp5tTpWIV4JHHZK1/BxbFRtf/siA2SWTe09caDmVtYYzWEIbBS4zw==
  dependencies:
    function-bind "^1.1.1"

htmlparser2@^6.0.0:
  version "6.1.0"
  resolved "https://registry.yarnpkg.com/htmlparser2/-/htmlparser2-6.1.0.tgz#c4d762b6c3371a05dbe65e94ae43a9f845fb8fb7"
  integrity sha512-gyyPk6rgonLFEDGoeRgQNaEUvdJ4ktTmmUh/h2t7s+M8oPpIPxgNACWa+6ESR57kXstwqPiCut0V8NRpcwgU7A==
  dependencies:
    domelementtype "^2.0.1"
    domhandler "^4.0.0"
    domutils "^2.5.2"
    entities "^2.0.0"

is-arguments@^1.0.4:
  version "1.0.4"
  resolved "https://registry.yarnpkg.com/is-arguments/-/is-arguments-1.0.4.tgz#3faf966c7cba0ff437fb31f6250082fcf0448cf3"
  integrity sha512-xPh0Rmt8NE65sNzvyUmWgI1tz3mKq74lGA0mL8LYZcoIzKOzDh6HmrYm3d18k60nHerC8A9Km8kYu87zfSFnLA==

is-callable@^1.1.4, is-callable@^1.2.2:
  version "1.2.2"
  resolved "https://registry.yarnpkg.com/is-callable/-/is-callable-1.2.2.tgz#c7c6715cd22d4ddb48d3e19970223aceabb080d9"
  integrity sha512-dnMqspv5nU3LoewK2N/y7KLtxtakvTuaCsU9FU50/QDmdbHNy/4/JuRtMHqRU22o3q+W89YQndQEeCVwK+3qrA==

is-date-object@^1.0.1:
  version "1.0.2"
  resolved "https://registry.yarnpkg.com/is-date-object/-/is-date-object-1.0.2.tgz#bda736f2cd8fd06d32844e7743bfa7494c3bfd7e"
  integrity sha512-USlDT524woQ08aoZFzh3/Z6ch9Y/EWXEHQ/AaRN0SkKq4t2Jw2R2339tSXmwuVoY7LLlBCbOIlx2myP/L5zk0g==

is-negative-zero@^2.0.0:
  version "2.0.0"
  resolved "https://registry.yarnpkg.com/is-negative-zero/-/is-negative-zero-2.0.0.tgz#9553b121b0fac28869da9ed459e20c7543788461"
  integrity sha1-lVOxIbD6wohp2p7UWeIMdUN4hGE=

is-plain-object@^5.0.0:
  version "5.0.0"
  resolved "https://registry.yarnpkg.com/is-plain-object/-/is-plain-object-5.0.0.tgz#4427f50ab3429e9025ea7d52e9043a9ef4159344"
  integrity sha512-VRSzKkbMm5jMDoKLbltAkFQ5Qr7VDiTFGXxYFXXowVj387GeGNOCsOH6Msy00SGZ3Fp84b1Naa1psqgcCIEP5Q==

is-regex@^1.0.4, is-regex@^1.1.1:
  version "1.1.1"
  resolved "https://registry.yarnpkg.com/is-regex/-/is-regex-1.1.1.tgz#c6f98aacc546f6cec5468a07b7b153ab564a57b9"
  integrity sha512-1+QkEcxiLlB7VEyFtyBg94e08OAsvq7FUBgApTq/w2ymCLyKJgDPsybBENVtA7XCQEgEXxKPonG+mvYRxh/LIg==
  dependencies:
    has-symbols "^1.0.1"

is-symbol@^1.0.2:
  version "1.0.3"
  resolved "https://registry.yarnpkg.com/is-symbol/-/is-symbol-1.0.3.tgz#38e1014b9e6329be0de9d24a414fd7441ec61937"
  integrity sha512-OwijhaRSgqvhm/0ZdAcXNZt9lYdKFpcRDT5ULUuYXPoT794UNOdU+gpT6Rzo7b4V2HUl/op6GqY894AZwv9faQ==
  dependencies:
    has-symbols "^1.0.1"

"js-tokens@^3.0.0 || ^4.0.0":
  version "4.0.0"
  resolved "https://registry.yarnpkg.com/js-tokens/-/js-tokens-4.0.0.tgz#19203fb59991df98e3a287050d4647cdeaf32499"
  integrity sha512-RdJUflcE3cUzKiMqQgsCu06FPu9UdIJO0beYbPhHN4k6apgJtifcoCtT9bcxOpYBtpD2kCM6Sbzg4CausW/PKQ==

json-schema-traverse@^0.4.1:
  version "0.4.1"
  resolved "https://registry.yarnpkg.com/json-schema-traverse/-/json-schema-traverse-0.4.1.tgz#69f6a87d9513ab8bb8fe63bdb0979c448e684660"
  integrity sha512-xbbCH5dCYU5T8LcEhhuh7HJ88HXuW3qsI3Y0zOZFKfZEHcpWiHU/Jxzk629Brsab/mMiHQti9wMP+845RPe3Vg==

json5@^2.1.1:
  version "2.1.3"
  resolved "https://registry.yarnpkg.com/json5/-/json5-2.1.3.tgz#c9b0f7fa9233bfe5807fe66fcf3a5617ed597d43"
  integrity sha512-KXPvOm8K9IJKFM0bmdn8QXh7udDh1g/giieX0NLCaMnb4hEiVFqnop2ImTXCc5e0/oHz3LTqmHGtExn5hfMkOA==
  dependencies:
    minimist "^1.2.5"

loose-envify@^1.0.0, loose-envify@^1.1.0, loose-envify@^1.4.0:
  version "1.4.0"
  resolved "https://registry.yarnpkg.com/loose-envify/-/loose-envify-1.4.0.tgz#71ee51fa7be4caec1a63839f7e682d8132d30caf"
  integrity sha512-lyuxPGr/Wfhrlem2CL/UcnUc1zcqKAImBDzukY7Y5F/yQiNdko6+fRLevlw1HgMySw7f611UIY408EtxRSoK3Q==
  dependencies:
    js-tokens "^3.0.0 || ^4.0.0"

minimist@^1.2.5, minimist@~1.2.0:
  version "1.2.5"
  resolved "https://registry.yarnpkg.com/minimist/-/minimist-1.2.5.tgz#67d66014b66a6a8aaa0c083c5fd58df4e4e97602"
  integrity sha512-FM9nNUYrRBAELZQT3xeZQ7fmMOBg6nWNmJKTcgsJeaLstP/UODVpGsr5OhXhhXg6f+qtJ8uiZ+PUxkDWcgIXLw==

moment@^2.24.0:
  version "2.29.1"
  resolved "https://registry.yarnpkg.com/moment/-/moment-2.29.1.tgz#b2be769fa31940be9eeea6469c075e35006fa3d3"
  integrity sha512-kHmoybcPV8Sqy59DwNDY3Jefr64lK/by/da0ViFcuA4DH0vQg5Q6Ze5VimxkfQNSC+Mls/Kx53s7TjP1RhFEDQ==

nanoid@^3.2.0:
  version "3.3.1"
  resolved "https://registry.yarnpkg.com/nanoid/-/nanoid-3.3.1.tgz#6347a18cac88af88f58af0b3594b723d5e99bb35"
  integrity sha512-n6Vs/3KGyxPQd6uO0eH4Bv0ojGSUvuLlIHtC3Y0kEO23YRge8H9x1GCzLn28YX0H66pMkxuaeESFq4tKISKwdw==

node-fetch@^2.6.0:
  version "2.6.1"
  resolved "https://registry.yarnpkg.com/node-fetch/-/node-fetch-2.6.1.tgz#045bd323631f76ed2e2b55573394416b639a0052"
  integrity sha512-V4aYg89jEoVRxRb2fJdAg8FHvI7cEyYdVAh94HH0UIK8oJxUfkjlDQN9RbMx+bEjP7+ggMiFRprSti032Oipxw==

normalize.css@^8.0.1:
  version "8.0.1"
  resolved "https://registry.yarnpkg.com/normalize.css/-/normalize.css-8.0.1.tgz#9b98a208738b9cc2634caacbc42d131c97487bf3"
  integrity sha512-qizSNPO93t1YUuUhP22btGOo3chcvDFqFaj2TRybP0DMxkHOCTYwp3n34fel4a31ORXy4m1Xq0Gyqpb5m33qIg==

object-assign@^4.1.1:
  version "4.1.1"
  resolved "https://registry.yarnpkg.com/object-assign/-/object-assign-4.1.1.tgz#2109adc7965887cfc05cbbd442cac8bfbb360863"
  integrity sha1-IQmtx5ZYh8/AXLvUQsrIv7s2CGM=

object-inspect@^1.8.0:
  version "1.8.0"
  resolved "https://registry.yarnpkg.com/object-inspect/-/object-inspect-1.8.0.tgz#df807e5ecf53a609cc6bfe93eac3cc7be5b3a9d0"
  integrity sha512-jLdtEOB112fORuypAyl/50VRVIBIdVQOSUUGQHzJ4xBSbit81zRarz7GThkEFZy1RceYrWYcPcBFPQwHyAc1gA==

object-is@^1.0.1:
  version "1.1.3"
  resolved "https://registry.yarnpkg.com/object-is/-/object-is-1.1.3.tgz#2e3b9e65560137455ee3bd62aec4d90a2ea1cc81"
  integrity sha512-teyqLvFWzLkq5B9ki8FVWA902UER2qkxmdA4nLf+wjOLAWgxzCWZNCxpDq9MvE8MmhWNr+I8w3BN49Vx36Y6Xg==
  dependencies:
    define-properties "^1.1.3"
    es-abstract "^1.18.0-next.1"

object-keys@^1.0.12, object-keys@^1.1.1:
  version "1.1.1"
  resolved "https://registry.yarnpkg.com/object-keys/-/object-keys-1.1.1.tgz#1c47f272df277f3b1daf061677d9c82e2322c60e"
  integrity sha512-NuAESUOUMrlIXOfHKzD6bpPu3tYt3xvjNdRIQ+FeT0lNb4K8WR70CaDxhuNguS2XG+GjkyMwOzsN5ZktImfhLA==

object.assign@^4.1.1:
  version "4.1.1"
  resolved "https://registry.yarnpkg.com/object.assign/-/object.assign-4.1.1.tgz#303867a666cdd41936ecdedfb1f8f3e32a478cdd"
  integrity sha512-VT/cxmx5yaoHSOTSyrCygIDFco+RsibY2NM0a4RdEeY/4KgqezwFtK1yr3U67xYhqJSlASm2pKhLVzPj2lr4bA==
  dependencies:
    define-properties "^1.1.3"
    es-abstract "^1.18.0-next.0"
    has-symbols "^1.0.1"
    object-keys "^1.1.1"

parse-srcset@^1.0.2:
  version "1.0.2"
  resolved "https://registry.yarnpkg.com/parse-srcset/-/parse-srcset-1.0.2.tgz#f2bd221f6cc970a938d88556abc589caaaa2bde1"
  integrity sha1-8r0iH2zJcKk42IVWq8WJyqqiveE=

path-browserify@^1.0.0:
  version "1.0.1"
  resolved "https://registry.yarnpkg.com/path-browserify/-/path-browserify-1.0.1.tgz#d98454a9c3753d5790860f16f68867b9e46be1fd"
  integrity sha512-b7uo2UCUOYZcnF/3ID0lulOJi/bafxa1xPe7ZPsammBSpjSWQkjNxlt635YGS2MiR9GjvuXCtz2emr3jbsz98g==

picocolors@^1.0.0:
  version "1.0.0"
  resolved "https://registry.yarnpkg.com/picocolors/-/picocolors-1.0.0.tgz#cb5bdc74ff3f51892236eaf79d68bc44564ab81c"
  integrity sha512-1fygroTLlHu66zi26VoTDv8yRgm0Fccecssto+MhsZ0D/DGW2sm8E8AjW7NU5VVTRt5GxbeZ5qBuJr+HyLYkjQ==

popper.js@^1.14.4, popper.js@^1.16.1:
  version "1.16.1"
  resolved "https://registry.yarnpkg.com/popper.js/-/popper.js-1.16.1.tgz#2a223cb3dc7b6213d740e40372be40de43e65b1b"
  integrity sha512-Wb4p1J4zyFTbM+u6WuO4XstYx4Ky9Cewe4DWrel7B0w6VVICvPwdOpotjzcf6eD8TsckVnIMNONQyPIUFOUbCQ==

postcss@^8.3.11:
  version "8.4.6"
  resolved "https://registry.yarnpkg.com/postcss/-/postcss-8.4.6.tgz#c5ff3c3c457a23864f32cb45ac9b741498a09ae1"
  integrity sha512-OovjwIzs9Te46vlEx7+uXB0PLijpwjXGKXjVGGPIGubGpq7uh5Xgf6D6FiJ/SzJMBosHDp6a2hiXOS97iBXcaA==
  dependencies:
    nanoid "^3.2.0"
    picocolors "^1.0.0"
    source-map-js "^1.0.2"

prop-types@^15.6.1, prop-types@^15.6.2:
  version "15.7.2"
  resolved "https://registry.yarnpkg.com/prop-types/-/prop-types-15.7.2.tgz#52c41e75b8c87e72b9d9360e0206b99dcbffa6c5"
  integrity sha512-8QQikdH7//R2vurIJSutZ1smHYTcLpRWEOlHnzcWHmBYrOGUysKwSsrC89BCiFj3CbrfJ/nXFdJepOVrY1GCHQ==
  dependencies:
    loose-envify "^1.4.0"
    object-assign "^4.1.1"
    react-is "^16.8.1"

punycode@1.3.2:
  version "1.3.2"
  resolved "https://registry.yarnpkg.com/punycode/-/punycode-1.3.2.tgz#9653a036fb7c1ee42342f2325cceefea3926c48d"
  integrity sha1-llOgNvt8HuQjQvIyXM7v6jkmxI0=

punycode@^2.1.0:
  version "2.1.1"
  resolved "https://registry.yarnpkg.com/punycode/-/punycode-2.1.1.tgz#b58b010ac40c22c5657616c8d2c2c02c7bf479ec"
  integrity sha512-XRsRjdf+j5ml+y/6GKHPZbrF/8p2Yga0JPtdqTIY2Xe5ohJPD9saDJJLPvp9+NSBprVvevdXZybnj2cv8OEd0A==

querystring@0.2.0:
  version "0.2.0"
  resolved "https://registry.yarnpkg.com/querystring/-/querystring-0.2.0.tgz#b209849203bb25df820da756e747005878521620"
  integrity sha1-sgmEkgO7Jd+CDadW50cAWHhSFiA=

querystringify@^2.1.1:
  version "2.2.0"
  resolved "https://registry.yarnpkg.com/querystringify/-/querystringify-2.2.0.tgz#3345941b4153cb9d082d8eee4cda2016a9aef7f6"
  integrity sha512-FIqgj2EUvTa7R50u0rGsyTftzjYmv/a3hO345bZNrqabNqjtgiDMgmo4mkUjd+nzU5oF3dClKqFIPUKybUyqoQ==

react-dom@^17.0.1:
  version "17.0.2"
  resolved "https://registry.yarnpkg.com/react-dom/-/react-dom-17.0.2.tgz#ecffb6845e3ad8dbfcdc498f0d0a939736502c23"
  integrity sha512-s4h96KtLDUQlsENhMn1ar8t2bEa+q/YAtj8pPPdIjPDGBDIVNsrD9aXNWqspUe6AzKCIG0C1HZZLqLV7qpOBGA==
  dependencies:
    loose-envify "^1.1.0"
    object-assign "^4.1.1"
    scheduler "^0.20.2"

react-is@^16.8.1:
  version "16.13.1"
  resolved "https://registry.yarnpkg.com/react-is/-/react-is-16.13.1.tgz#789729a4dc36de2999dc156dd6c1d9c18cea56a4"
  integrity sha512-24e6ynE2H+OKt4kqsOvNd8kBpV65zoxbA4BVsEOB3ARVWQki/DHzaUoC5KuON/BiccDaCCTZBuOcfZs70kR8bQ==

react-lifecycles-compat@^3.0.4:
  version "3.0.4"
  resolved "https://registry.yarnpkg.com/react-lifecycles-compat/-/react-lifecycles-compat-3.0.4.tgz#4f1a273afdfc8f3488a8c516bfda78f872352362"
  integrity sha512-fBASbA6LnOU9dOU2eW7aQ8xmYBSXUIWr+UmF9b1efZBazGNO+rcXT/icdKnYm2pTwcRylVUYwW7H1PHfLekVzA==

react-popper@^1.3.7:
  version "1.3.7"
  resolved "https://registry.yarnpkg.com/react-popper/-/react-popper-1.3.7.tgz#f6a3471362ef1f0d10a4963673789de1baca2324"
  integrity sha512-nmqYTx7QVjCm3WUZLeuOomna138R1luC4EqkW3hxJUrAe+3eNz3oFCLYdnPwILfn0mX1Ew2c3wctrjlUMYYUww==
  dependencies:
    "@babel/runtime" "^7.1.2"
    create-react-context "^0.3.0"
    deep-equal "^1.1.1"
    popper.js "^1.14.4"
    prop-types "^15.6.1"
    typed-styles "^0.0.7"
    warning "^4.0.2"

react-transition-group@^2.9.0:
  version "2.9.0"
  resolved "https://registry.yarnpkg.com/react-transition-group/-/react-transition-group-2.9.0.tgz#df9cdb025796211151a436c69a8f3b97b5b07c8d"
  integrity sha512-+HzNTCHpeQyl4MJ/bdE0u6XRMe9+XG/+aL4mCxVN4DnPBQ0/5bfHWPDuOZUzYdMj94daZaZdCCc1Dzt9R/xSSg==
  dependencies:
    dom-helpers "^3.4.0"
    loose-envify "^1.4.0"
    prop-types "^15.6.2"
    react-lifecycles-compat "^3.0.4"

react@^17.0.1:
  version "17.0.2"
  resolved "https://registry.yarnpkg.com/react/-/react-17.0.2.tgz#d0b5cc516d29eb3eee383f75b62864cfb6800037"
  integrity sha512-gnhPt75i/dq/z3/6q/0asP78D0u592D5L1pd7M8P+dck6Fu/jJeL6iVVK23fptSUZj8Vjf++7wXA8UNclGQcbA==
  dependencies:
    loose-envify "^1.1.0"
    object-assign "^4.1.1"

regenerator-runtime@^0.13.4:
  version "0.13.7"
  resolved "https://registry.yarnpkg.com/regenerator-runtime/-/regenerator-runtime-0.13.7.tgz#cac2dacc8a1ea675feaabaeb8ae833898ae46f55"
  integrity sha512-a54FxoJDIr27pgf7IgeQGxmqUNYrcV338lf/6gH456HZ/PhX+5BcwHXG9ajESmwe6WRO0tAzRUrRmNONWgkrew==

regexp.prototype.flags@^1.2.0:
  version "1.3.0"
  resolved "https://registry.yarnpkg.com/regexp.prototype.flags/-/regexp.prototype.flags-1.3.0.tgz#7aba89b3c13a64509dabcf3ca8d9fbb9bdf5cb75"
  integrity sha512-2+Q0C5g951OlYlJz6yu5/M33IcsESLlLfsyIaLJaG4FA2r4yP8MvVMJUUP/fVBkSpbbbZlS5gynbEWLipiiXiQ==
  dependencies:
    define-properties "^1.1.3"
    es-abstract "^1.17.0-next.1"

requires-port@^1.0.0:
  version "1.0.0"
  resolved "https://registry.yarnpkg.com/requires-port/-/requires-port-1.0.0.tgz#925d2601d39ac485e091cf0da5c6e694dc3dcaff"
  integrity sha1-kl0mAdOaxIXgkc8NpcbmlNw9yv8=

resize-observer-polyfill@^1.5.1:
  version "1.5.1"
  resolved "https://registry.yarnpkg.com/resize-observer-polyfill/-/resize-observer-polyfill-1.5.1.tgz#0e9020dd3d21024458d4ebd27e23e40269810464"
  integrity sha512-LwZrotdHOo12nQuZlHEmtuXdqGoOD0OhaxopaNFxWzInpEgaLWoVuAMbTzixuosCx2nEG58ngzW3vxdWoxIgdg==

sanitize-html@~2.5.3:
  version "2.5.3"
  resolved "https://registry.yarnpkg.com/sanitize-html/-/sanitize-html-2.5.3.tgz#91aa3dc760b072cdf92f9c6973747569b1ba1cd8"
  integrity sha512-DGATXd1fs/Rm287/i5FBKVYSBBUL0iAaztOA1/RFhEs4yqo39/X52i/q/CwsfCUG5cilmXSBmnQmyWfnKhBlOg==
  dependencies:
    deepmerge "^4.2.2"
    escape-string-regexp "^4.0.0"
    htmlparser2 "^6.0.0"
    is-plain-object "^5.0.0"
    parse-srcset "^1.0.2"
    postcss "^8.3.11"

scheduler@^0.20.2:
  version "0.20.2"
  resolved "https://registry.yarnpkg.com/scheduler/-/scheduler-0.20.2.tgz#4baee39436e34aa93b4874bddcbf0fe8b8b50e91"
  integrity sha512-2eWfGgAqqWFGqtdMmcL5zCMK1U8KlXv8SQFGglL3CEtd0aDVDWgeF/YoCmvln55m5zSk3J/20hTaSBeSObsQDQ==
  dependencies:
    loose-envify "^1.1.0"
    object-assign "^4.1.1"

source-map-js@^1.0.2:
  version "1.0.2"
  resolved "https://registry.yarnpkg.com/source-map-js/-/source-map-js-1.0.2.tgz#adbc361d9c62df380125e7f161f71c826f1e490c"
  integrity sha512-R0XvVJ9WusLiqTCEiGCmICCMplcCkIwwR11mOSD9CR5u+IXYdiseeEuXCVAjS54zqwkLcPNnmU4OeJ6tUrWhDw==

string.prototype.trimend@^1.0.1:
  version "1.0.2"
  resolved "https://registry.yarnpkg.com/string.prototype.trimend/-/string.prototype.trimend-1.0.2.tgz#6ddd9a8796bc714b489a3ae22246a208f37bfa46"
  integrity sha512-8oAG/hi14Z4nOVP0z6mdiVZ/wqjDtWSLygMigTzAb+7aPEDTleeFf+WrF+alzecxIRkckkJVn+dTlwzJXORATw==
  dependencies:
    define-properties "^1.1.3"
    es-abstract "^1.18.0-next.1"

string.prototype.trimstart@^1.0.1:
  version "1.0.2"
  resolved "https://registry.yarnpkg.com/string.prototype.trimstart/-/string.prototype.trimstart-1.0.2.tgz#22d45da81015309cd0cdd79787e8919fc5c613e7"
  integrity sha512-7F6CdBTl5zyu30BJFdzSTlSlLPwODC23Od+iLoVH8X6+3fvDPPuBVVj9iaB1GOsSTSIgVfsfm27R2FGrAPznWg==
  dependencies:
    define-properties "^1.1.3"
    es-abstract "^1.18.0-next.1"

tslib@~1.13.0:
  version "1.13.0"
  resolved "https://registry.yarnpkg.com/tslib/-/tslib-1.13.0.tgz#c881e13cc7015894ed914862d276436fa9a47043"
  integrity sha512-i/6DQjL8Xf3be4K/E6Wgpekn5Qasl1usyw++dAA35Ue5orEn65VIxOA+YvNNl9HV3qv70T7CNwjODHZrLwvd1Q==

typed-styles@^0.0.7:
  version "0.0.7"
  resolved "https://registry.yarnpkg.com/typed-styles/-/typed-styles-0.0.7.tgz#93392a008794c4595119ff62dde6809dbc40a3d9"
  integrity sha512-pzP0PWoZUhsECYjABgCGQlRGL1n7tOHsgwYv3oIiEpJwGhFTuty/YNeduxQYzXXa3Ge5BdT6sHYIQYpl4uJ+5Q==

typestyle@^2.0.4:
  version "2.1.0"
  resolved "https://registry.yarnpkg.com/typestyle/-/typestyle-2.1.0.tgz#7c5cc567de72cd8bfb686813150b92791aaa7636"
  integrity sha512-6uCYPdG4xWLeEcl9O0GtNFnNGhami+irKiLsXSuvWHC/aTS7wdj49WeikWAKN+xHN3b1hm+9v0svwwgSBhCsNA==
  dependencies:
    csstype "2.6.9"
    free-style "3.1.0"

uri-js@^4.2.2:
  version "4.4.0"
  resolved "https://registry.yarnpkg.com/uri-js/-/uri-js-4.4.0.tgz#aa714261de793e8a82347a7bcc9ce74e86f28602"
  integrity sha512-B0yRTzYdUCCn9n+F4+Gh4yIDtMQcaJsmYBDsTSG8g/OejKBodLQ2IHfN3bM7jUsRXndopT7OIXWdYqc1fjmV6g==
  dependencies:
    punycode "^2.1.0"

url-parse@~1.5.1:
  version "1.5.10"
  resolved "https://registry.yarnpkg.com/url-parse/-/url-parse-1.5.10.tgz#9d3c2f736c1d75dd3bd2be507dcc111f1e2ea9c1"
  integrity sha512-WypcfiRhfeUP9vvF0j6rw0J3hrWrw6iZv3+22h6iRMJ/8z1Tj6XfLP4DsUix5MhMPnXpiHDoKyoZ/bdCkwBCiQ==
  dependencies:
    querystringify "^2.1.1"
    requires-port "^1.0.0"

url@^0.11.0:
  version "0.11.0"
  resolved "https://registry.yarnpkg.com/url/-/url-0.11.0.tgz#3838e97cfc60521eb73c525a8e55bfdd9e2e28f1"
  integrity sha1-ODjpfPxgUh63PFJajlW/3Z4uKPE=
  dependencies:
    punycode "1.3.2"
    querystring "0.2.0"

warning@^4.0.2, warning@^4.0.3:
  version "4.0.3"
  resolved "https://registry.yarnpkg.com/warning/-/warning-4.0.3.tgz#16e9e077eb8a86d6af7d64aa1e05fd85b4678ca3"
  integrity sha512-rpJyN222KWIvHJ/F53XSZv0Zl/accqHR8et1kpaMTD/fLCRxtV8iX8czMzY7sVZupTI3zcUTg8eycS2kNF9l6w==
  dependencies:
    loose-envify "^1.0.0"

ws@^7.4.6:
  version "7.5.7"
  resolved "https://registry.yarnpkg.com/ws/-/ws-7.5.7.tgz#9e0ac77ee50af70d58326ecff7e85eb3fa375e67"
  integrity sha512-KMvVuFzpKBuiIXW3E4u3mySRO2/mCHSyZDJQM5NQ9Q9KHWHWh0NHgfbRMLLrceUK5qAL4ytALJbpRMjixFZh8A==
